{
    "_readme": [
        "This file locks the dependencies of your project to a known state",
        "Read more about it at https://getcomposer.org/doc/01-basic-usage.md#composer-lock-the-lock-file",
        "This file is @generated automatically"
    ],
    "content-hash": "80fc192d55a7f42514d58a8bab0ddcea",
    "packages": [
        {
            "name": "lampol/sphinx",
            "version": "v4",
            "source": {
                "type": "git",
                "url": "https://github.com/lampol/sphinx.git",
                "reference": "d95d1519b2228a63cee01c0759b2fad74b862785"
            },
            "dist": {
                "type": "zip",
                "url": "https://files.phpcomposer.com/files/lampol/sphinx/d95d1519b2228a63cee01c0759b2fad74b862785.zip",
                "reference": "d95d1519b2228a63cee01c0759b2fad74b862785",
                "shasum": ""
            },
            "type": "library",
            "autoload": {
                "psr-4": {
                    "lampol\\": "src/"
                }
            },
            "notification-url": "https://packagist.org/downloads/",
            "license": [
                "MIT"
            ],
            "authors": [
                {
                    "name": "lampol",
                    "email": "807968192@qq.com"
                }
            ],
            "description": "中文搜索解决方案之sphinx",
            "time": "2017-11-30T10:58:30+00:00"
        },
        {
            "name": "predis/predis",
            "version": "v1.1.1",
            "source": {
                "type": "git",
                "url": "https://github.com/nrk/predis.git",
                "reference": "f0210e38881631afeafb56ab43405a92cafd9fd1"
            },
            "dist": {
                "type": "zip",
                "url": "https://files.phpcomposer.com/files/nrk/predis/f0210e38881631afeafb56ab43405a92cafd9fd1.zip",
                "reference": "f0210e38881631afeafb56ab43405a92cafd9fd1",
                "shasum": ""
            },
            "require": {
                "php": ">=5.3.9"
            },
            "require-dev": {
                "phpunit/phpunit": "~4.8"
            },
            "suggest": {
                "ext-curl": "Allows access to Webdis when paired with phpiredis",
                "ext-phpiredis": "Allows faster serialization and deserialization of the Redis protocol"
            },
            "type": "library",
            "autoload": {
                "psr-4": {
                    "Predis\\": "src/"
                }
            },
            "notification-url": "https://packagist.org/downloads/",
            "license": [
                "MIT"
            ],
            "authors": [
                {
                    "name": "Daniele Alessandri",
                    "email": "suppakilla@gmail.com",
                    "homepage": "http://clorophilla.net"
                }
            ],
            "description": "Flexible and feature-complete Redis client for PHP and HHVM",
            "homepage": "http://github.com/nrk/predis",
            "keywords": [
                "nosql",
                "predis",
                "redis"
            ],
            "time": "2016-06-16T16:22:20+00:00"
        },
        {
            "name": "topthink/framework",
            "version": "v5.0.12",
            "source": {
                "type": "git",
                "url": "https://github.com/top-think/framework.git",
                "reference": "0fb51680e8d62495d27f17a0e6cf889b763a6d3c"
            },
            "dist": {
                "type": "zip",
                "url": "https://files.phpcomposer.com/files/top-think/framework/0fb51680e8d62495d27f17a0e6cf889b763a6d3c.zip",
                "reference": "0fb51680e8d62495d27f17a0e6cf889b763a6d3c",
                "shasum": ""
            },
            "require": {
                "php": ">=5.4.0",
                "topthink/think-installer": "~1.0"
            },
            "require-dev": {
                "johnkary/phpunit-speedtrap": "^1.0",
                "mikey179/vfsstream": "~1.6",
                "phpdocumentor/reflection-docblock": "^2.0",
                "phploc/phploc": "2.*",
                "phpunit/phpunit": "4.8.*",
                "sebastian/phpcpd": "2.*"
            },
            "type": "think-framework",
            "autoload": {
                "psr-4": {
                    "think\\": "library/think"
                }
            },
            "notification-url": "https://packagist.org/downloads/",
            "license": [
                "Apache-2.0"
            ],
            "authors": [
                {
                    "name": "liu21st",
                    "email": "liu21st@gmail.com"
                }
            ],
            "description": "the new thinkphp framework",
            "homepage": "http://thinkphp.cn/",
            "keywords": [
                "framework",
                "orm",
                "thinkphp"
            ],
            "time": "2017-11-06T01:19:03+00:00"
        },
        {
            "name": "topthink/think-captcha",
            "version": "v1.0.7",
            "source": {
                "type": "git",
                "url": "https://github.com/top-think/think-captcha.git",
                "reference": "0c55455df26a1626a60d0dc35d2d89002b741d44"
            },
            "dist": {
                "type": "zip",
                "url": "https://files.phpcomposer.com/files/top-think/think-captcha/0c55455df26a1626a60d0dc35d2d89002b741d44.zip",
                "reference": "0c55455df26a1626a60d0dc35d2d89002b741d44",
                "shasum": ""
            },
            "type": "library",
            "autoload": {
                "psr-4": {
                    "think\\captcha\\": "src/"
                },
                "files": [
                    "src/helper.php"
                ]
            },
            "notification-url": "https://packagist.org/downloads/",
            "license": [
                "Apache-2.0"
            ],
            "authors": [
                {
                    "name": "yunwuxin",
                    "email": "448901948@qq.com"
                }
            ],
            "description": "captcha package for thinkphp5",
            "time": "2016-07-06T01:47:11+00:00"
        },
        {
            "name": "topthink/think-image",
            "version": "v1.0.7",
            "source": {
                "type": "git",
                "url": "https://github.com/top-think/think-image.git",
                "reference": "8586cf47f117481c6d415b20f7dedf62e79d5512"
            },
            "dist": {
                "type": "zip",
                "url": "https://files.phpcomposer.com/files/top-think/think-image/8586cf47f117481c6d415b20f7dedf62e79d5512.zip",
                "reference": "8586cf47f117481c6d415b20f7dedf62e79d5512",
                "shasum": ""
            },
            "require": {
                "ext-gd": "*"
            },
            "require-dev": {
                "phpunit/phpunit": "4.8.*",
                "topthink/framework": "^5.0"
            },
            "type": "library",
            "autoload": {
                "psr-4": {
                    "think\\": "src"
                }
            },
            "notification-url": "https://packagist.org/downloads/",
            "license": [
                "Apache-2.0"
            ],
            "authors": [
                {
                    "name": "yunwuxin",
                    "email": "448901948@qq.com"
                }
            ],
            "description": "The ThinkPHP5 Image Package",
            "time": "2016-09-29T06:05:43+00:00"
        },
        {
            "name": "topthink/think-installer",
            "version": "v1.0.12",
            "source": {
                "type": "git",
                "url": "https://github.com/top-think/think-installer.git",
                "reference": "1be326e68f63de4e95977ed50f46ae75f017556d"
            },
            "dist": {
                "type": "zip",
                "url": "https://files.phpcomposer.com/files/top-think/think-installer/1be326e68f63de4e95977ed50f46ae75f017556d.zip",
                "reference": "1be326e68f63de4e95977ed50f46ae75f017556d",
                "shasum": ""
            },
            "require": {
                "composer-plugin-api": "^1.0"
            },
            "require-dev": {
                "composer/composer": "1.0.*@dev"
            },
            "type": "composer-plugin",
            "extra": {
                "class": "think\\composer\\Plugin"
            },
            "autoload": {
                "psr-4": {
                    "think\\composer\\": "src"
                }
            },
            "notification-url": "https://packagist.org/downloads/",
            "license": [
                "Apache-2.0"
            ],
            "authors": [
                {
                    "name": "yunwuxin",
                    "email": "448901948@qq.com"
                }
            ],
            "time": "2017-05-27T06:58:09+00:00"
        }
    ],
    "packages-dev": [],
    "aliases": [],
    "minimum-stability": "stable",
    "stability-flags": [],
    "prefer-stable": false,
    "prefer-lowest": false,
    "platform": {
        "php": ">=5.4.0"
    },
    "platform-dev": []
}
